
Microsoft Visual Studio Solution File, Format Version 12.00
# Visual Studio 15
VisualStudioVersion = 15.0.28307.705
MinimumVisualStudioVersion = 10.0.40219.1
Project("{2150E333-8FDC-42A3-9474-1A3956D46DE8}") = "LargestNumberAtLeastTwiceOfOthers", "LargestNumberAtLeastTwiceOfOthers", "{10C311C8-50F2-4E34-94C2-23B6DAE89E10}"
EndProject
Project("{FAE04EC0-301F-11D3-BF4B-00C04F79EFBC}") = "LargestNumberAtLeastTwiceOfOthers", "LargestNumberAtLeastTwiceOfOthers\LargestNumberAtLeastTwiceOfOthers.csproj", "{5266104A-129E-4EEB-9C56-555DC5E277F4}"
EndProject
Project("{2150E333-8FDC-42A3-9474-1A3956D46DE8}") = "FindAllDuplicatesInAnArray", "FindAllDuplicatesInAnArray", "{189AC1A4-30C3-414E-AE9B-1E19498E974C}"
EndProject
Project("{FAE04EC0-301F-11D3-BF4B-00C04F79EFBC}") = "FindAllDuplicatesInAnArray", "FindAllDuplicatesInAnArray\FindAllDuplicatesInAnArray.csproj", "{451F5582-9725-4AE8-89FC-4F03384DBE15}"
EndProject
Project("{2150E333-8FDC-42A3-9474-1A3956D46DE8}") = "FindAllNumbersDisappearedInAnArray", "FindAllNumbersDisappearedInAnArray", "{A242EAF7-B19D-4309-A9F9-91184F966253}"
EndProject
Project("{FAE04EC0-301F-11D3-BF4B-00C04F79EFBC}") = "FindAllNumbersDisappearedInAnArray", "FindAllNumbersDisappearedInAnArray\FindAllNumbersDisappearedInAnArray.csproj", "{1C803053-48A3-45D9-8959-AAC415D465A5}"
EndProject
Global
	GlobalSection(SolutionConfigurationPlatforms) = preSolution
		Debug|Any CPU = Debug|Any CPU
		Release|Any CPU = Release|Any CPU
	EndGlobalSection
	GlobalSection(ProjectConfigurationPlatforms) = postSolution
		{5266104A-129E-4EEB-9C56-555DC5E277F4}.Debug|Any CPU.ActiveCfg = Debug|Any CPU
		{5266104A-129E-4EEB-9C56-555DC5E277F4}.Debug|Any CPU.Build.0 = Debug|Any CPU
		{5266104A-129E-4EEB-9C56-555DC5E277F4}.Release|Any CPU.ActiveCfg = Release|Any CPU
		{5266104A-129E-4EEB-9C56-555DC5E277F4}.Release|Any CPU.Build.0 = Release|Any CPU
		{451F5582-9725-4AE8-89FC-4F03384DBE15}.Debug|Any CPU.ActiveCfg = Debug|Any CPU
		{451F5582-9725-4AE8-89FC-4F03384DBE15}.Debug|Any CPU.Build.0 = Debug|Any CPU
		{451F5582-9725-4AE8-89FC-4F03384DBE15}.Release|Any CPU.ActiveCfg = Release|Any CPU
		{451F5582-9725-4AE8-89FC-4F03384DBE15}.Release|Any CPU.Build.0 = Release|Any CPU
		{1C803053-48A3-45D9-8959-AAC415D465A5}.Debug|Any CPU.ActiveCfg = Debug|Any CPU
		{1C803053-48A3-45D9-8959-AAC415D465A5}.Debug|Any CPU.Build.0 = Debug|Any CPU
		{1C803053-48A3-45D9-8959-AAC415D465A5}.Release|Any CPU.ActiveCfg = Release|Any CPU
		{1C803053-48A3-45D9-8959-AAC415D465A5}.Release|Any CPU.Build.0 = Release|Any CPU
	EndGlobalSection
	GlobalSection(SolutionProperties) = preSolution
		HideSolutionNode = FALSE
	EndGlobalSection
	GlobalSection(NestedProjects) = preSolution
		{5266104A-129E-4EEB-9C56-555DC5E277F4} = {10C311C8-50F2-4E34-94C2-23B6DAE89E10}
		{451F5582-9725-4AE8-89FC-4F03384DBE15} = {189AC1A4-30C3-414E-AE9B-1E19498E974C}
		{1C803053-48A3-45D9-8959-AAC415D465A5} = {A242EAF7-B19D-4309-A9F9-91184F966253}
	EndGlobalSection
	GlobalSection(ExtensibilityGlobals) = postSolution
		SolutionGuid = {1478E10D-EB37-4EC6-A7DA-8AD6688A48FE}
	EndGlobalSection
EndGlobal
