
Microsoft Visual Studio Solution File, Format Version 12.00
# Visual Studio 15
VisualStudioVersion = 15.0.28307.705
MinimumVisualStudioVersion = 10.0.40219.1
Project("{2150E333-8FDC-42A3-9474-1A3956D46DE8}") = "SockMerchant", "SockMerchant", "{2E7E4511-D63C-482A-8B6F-826616095CDA}"
EndProject
Project("{FAE04EC0-301F-11D3-BF4B-00C04F79EFBC}") = "SockMerchant", "SockMerchant\SockMerchant.csproj", "{2A815A34-3D64-49AB-9CE2-48F8C5BF743F}"
EndProject
Project("{2150E333-8FDC-42A3-9474-1A3956D46DE8}") = "CountingValleys", "CountingValleys", "{522F7558-199E-4813-A577-98A7555A6ADA}"
EndProject
Project("{FAE04EC0-301F-11D3-BF4B-00C04F79EFBC}") = "CountingValleys", "CountingValleys\CountingValleys.csproj", "{8B49D714-CC42-49DD-BCCF-AA47C2F6B9B8}"
EndProject
Global
	GlobalSection(SolutionConfigurationPlatforms) = preSolution
		Debug|Any CPU = Debug|Any CPU
		Release|Any CPU = Release|Any CPU
	EndGlobalSection
	GlobalSection(ProjectConfigurationPlatforms) = postSolution
		{2A815A34-3D64-49AB-9CE2-48F8C5BF743F}.Debug|Any CPU.ActiveCfg = Debug|Any CPU
		{2A815A34-3D64-49AB-9CE2-48F8C5BF743F}.Debug|Any CPU.Build.0 = Debug|Any CPU
		{2A815A34-3D64-49AB-9CE2-48F8C5BF743F}.Release|Any CPU.ActiveCfg = Release|Any CPU
		{2A815A34-3D64-49AB-9CE2-48F8C5BF743F}.Release|Any CPU.Build.0 = Release|Any CPU
		{8B49D714-CC42-49DD-BCCF-AA47C2F6B9B8}.Debug|Any CPU.ActiveCfg = Debug|Any CPU
		{8B49D714-CC42-49DD-BCCF-AA47C2F6B9B8}.Debug|Any CPU.Build.0 = Debug|Any CPU
		{8B49D714-CC42-49DD-BCCF-AA47C2F6B9B8}.Release|Any CPU.ActiveCfg = Release|Any CPU
		{8B49D714-CC42-49DD-BCCF-AA47C2F6B9B8}.Release|Any CPU.Build.0 = Release|Any CPU
	EndGlobalSection
	GlobalSection(SolutionProperties) = preSolution
		HideSolutionNode = FALSE
	EndGlobalSection
	GlobalSection(NestedProjects) = preSolution
		{2A815A34-3D64-49AB-9CE2-48F8C5BF743F} = {2E7E4511-D63C-482A-8B6F-826616095CDA}
		{8B49D714-CC42-49DD-BCCF-AA47C2F6B9B8} = {522F7558-199E-4813-A577-98A7555A6ADA}
	EndGlobalSection
	GlobalSection(ExtensibilityGlobals) = postSolution
		SolutionGuid = {6A199DCF-ECD3-4CC0-B6BE-8CFDAC2FF345}
	EndGlobalSection
EndGlobal
